
Microsoft Visual Studio Solution File, Format Version 12.00
# Visual Studio Version 17
VisualStudioVersion = 17.3.32804.467
MinimumVisualStudioVersion = 10.0.40219.1
Project("{8BC9CEB8-8B4A-11D0-8D11-00A0C91BC942}") = "Chatting_Room_Server", "Chatting_Room_Server.vcxproj", "{5F664899-AD15-43AF-A03C-FC40F76A2096}"
EndProject
Global
	GlobalSection(SolutionConfigurationPlatforms) = preSolution
		Debug|x64 = Debug|x64
		Debug|x86 = Debug|x86
		Release|x64 = Release|x64
		Release|x86 = Release|x86
	EndGlobalSection
	GlobalSection(ProjectConfigurationPlatforms) = postSolution
		{5F664899-AD15-43AF-A03C-FC40F76A2096}.Debug|x64.ActiveCfg = Debug|x64
		{5F664899-AD15-43AF-A03C-FC40F76A2096}.Debug|x64.Build.0 = Debug|x64
		{5F664899-AD15-43AF-A03C-FC40F76A2096}.Debug|x86.ActiveCfg = Debug|Win32
		{5F664899-AD15-43AF-A03C-FC40F76A2096}.Debug|x86.Build.0 = Debug|Win32
		{5F664899-AD15-43AF-A03C-FC40F76A2096}.Release|x64.ActiveCfg = Release|x64
		{5F664899-AD15-43AF-A03C-FC40F76A2096}.Release|x64.Build.0 = Release|x64
		{5F664899-AD15-43AF-A03C-FC40F76A2096}.Release|x86.ActiveCfg = Release|Win32
		{5F664899-AD15-43AF-A03C-FC40F76A2096}.Release|x86.Build.0 = Release|Win32
	EndGlobalSection
	GlobalSection(SolutionProperties) = preSolution
		HideSolutionNode = FALSE
	EndGlobalSection
	GlobalSection(ExtensibilityGlobals) = postSolution
		SolutionGuid = {AAE87ED7-5669-492D-89EA-53E13A5FCBF7}
	EndGlobalSection
EndGlobal
